// !$*UTF8*$!
{
	archiveVersion = 1;
	classes = {
	};
	objectVersion = 46;
	objects = {

/* Begin PBXBuildFile section */
		077396B91E99A15F00368907 /* APIClient.swift in Sources */ = {isa = PBXBuildFile; fileRef = 077396B81E99A15F00368907 /* APIClient.swift */; };
		077396BB1E9C8A9E00368907 /* WalMartProduct.swift in Sources */ = {isa = PBXBuildFile; fileRef = 077396BA1E9C8A9E00368907 /* WalMartProduct.swift */; };
		077396BD1E9C8F9100368907 /* WalMartProductList.swift in Sources */ = {isa = PBXBuildFile; fileRef = 077396BC1E9C8F9100368907 /* WalMartProductList.swift */; };
		077396BF1E9C94F000368907 /* WalMartProductManager.swift in Sources */ = {isa = PBXBuildFile; fileRef = 077396BE1E9C94F000368907 /* WalMartProductManager.swift */; };
		07CE8CCB1E810F1D005237CC /* AppDelegate.swift in Sources */ = {isa = PBXBuildFile; fileRef = 07CE8CCA1E810F1D005237CC /* AppDelegate.swift */; };
		07CE8CCD1E810F1D005237CC /* MasterViewController.swift in Sources */ = {isa = PBXBuildFile; fileRef = 07CE8CCC1E810F1D005237CC /* MasterViewController.swift */; };
		07CE8CCF1E810F1D005237CC /* DetailViewController.swift in Sources */ = {isa = PBXBuildFile; fileRef = 07CE8CCE1E810F1D005237CC /* DetailViewController.swift */; };
		07CE8CD21E810F1D005237CC /* Main.storyboard in Resources */ = {isa = PBXBuildFile; fileRef = 07CE8CD01E810F1D005237CC /* Main.storyboard */; };
		07CE8CD41E810F1D005237CC /* Assets.xcassets in Resources */ = {isa = PBXBuildFile; fileRef = 07CE8CD31E810F1D005237CC /* Assets.xcassets */; };
		07CE8CD71E810F1D005237CC /* LaunchScreen.storyboard in Resources */ = {isa = PBXBuildFile; fileRef = 07CE8CD51E810F1D005237CC /* LaunchScreen.storyboard */; };
/* End PBXBuildFile section */

/* Begin PBXFileReference section */
		077396B81E99A15F00368907 /* APIClient.swift */ = {isa = PBXFileReference; fileEncoding = 4; lastKnownFileType = sourcecode.swift; path = APIClient.swift; sourceTree = "<group>"; };
		077396BA1E9C8A9E00368907 /* WalMartProduct.swift */ = {isa = PBXFileReference; fileEncoding = 4; lastKnownFileType = sourcecode.swift; path = WalMartProduct.swift; sourceTree = "<group>"; };
		077396BC1E9C8F9100368907 /* WalMartProductList.swift */ = {isa = PBXFileReference; fileEncoding = 4; lastKnownFileType = sourcecode.swift; path = WalMartProductList.swift; sourceTree = "<group>"; };
		077396BE1E9C94F000368907 /* WalMartProductManager.swift */ = {isa = PBXFileReference; fileEncoding = 4; lastKnownFileType = sourcecode.swift; path = WalMartProductManager.swift; sourceTree = "<group>"; };
		07CE8CC71E810F1D005237CC /* WalMartDemo.app */ = {isa = PBXFileReference; explicitFileType = wrapper.application; includeInIndex = 0; path = WalMartDemo.app; sourceTree = BUILT_PRODUCTS_DIR; };
		07CE8CCA1E810F1D005237CC /* AppDelegate.swift */ = {isa = PBXFileReference; lastKnownFileType = sourcecode.swift; path = AppDelegate.swift; sourceTree = "<group>"; };
		07CE8CCC1E810F1D005237CC /* MasterViewController.swift */ = {isa = PBXFileReference; lastKnownFileType = sourcecode.swift; path = MasterViewController.swift; sourceTree = "<group>"; };
		07CE8CCE1E810F1D005237CC /* DetailViewController.swift */ = {isa = PBXFileReference; lastKnownFileType = sourcecode.swift; path = DetailViewController.swift; sourceTree = "<group>"; };
		07CE8CD11E810F1D005237CC /* Base */ = {isa = PBXFileReference; lastKnownFileType = file.storyboard; name = Base; path = Base.lproj/Main.storyboard; sourceTree = "<group>"; };
		07CE8CD31E810F1D005237CC /* Assets.xcassets */ = {isa = PBXFileReference; lastKnownFileType = folder.assetcatalog; path = Assets.xcassets; sourceTree = "<group>"; };
		07CE8CD61E810F1D005237CC /* Base */ = {isa = PBXFileReference; lastKnownFileType = file.storyboard; name = Base; path = Base.lproj/LaunchScreen.storyboard; sourceTree = "<group>"; };
		07CE8CD81E810F1D005237CC /* Info.plist */ = {isa = PBXFileReference; lastKnownFileType = text.plist.xml; path = Info.plist; sourceTree = "<group>"; };
/* End PBXFileReference section */

/* Begin PBXFrameworksBuildPhase section */
		07CE8CC41E810F1D005237CC /* Frameworks */ = {
			isa = PBXFrameworksBuildPhase;
			buildActionMask = 2147483647;
			files = (
			);
			runOnlyForDeploymentPostprocessing = 0;
		};
/* End PBXFrameworksBuildPhase section */

/* Begin PBXGroup section */
		07CE8CBE1E810F1D005237CC = {
			isa = PBXGroup;
			children = (
				07CE8CC91E810F1D005237CC /* WalMartDemo */,
				07CE8CC81E810F1D005237CC /* Products */,
			);
			sourceTree = "<group>";
		};
		07CE8CC81E810F1D005237CC /* Products */ = {
			isa = PBXGroup;
			children = (
				07CE8CC71E810F1D005237CC /* WalMartDemo.app */,
			);
			name = Products;
			sourceTree = "<group>";
		};
		07CE8CC91E810F1D005237CC /* WalMartDemo */ = {
			isa = PBXGroup;
			children = (
				07CE8CCA1E810F1D005237CC /* AppDelegate.swift */,
				07CE8CCC1E810F1D005237CC /* MasterViewController.swift */,
				07CE8CCE1E810F1D005237CC /* DetailViewController.swift */,
				07CE8CD01E810F1D005237CC /* Main.storyboard */,
				07CE8CD31E810F1D005237CC /* Assets.xcassets */,
				07CE8CD51E810F1D005237CC /* LaunchScreen.storyboard */,
				07CE8CD81E810F1D005237CC /* Info.plist */,
				077396B81E99A15F00368907 /* APIClient.swift */,
				077396BA1E9C8A9E00368907 /* WalMartProduct.swift */,
				077396BC1E9C8F9100368907 /* WalMartProductList.swift */,
				077396BE1E9C94F000368907 /* WalMartProductManager.swift */,
			);
			path = WalMartDemo;
			sourceTree = "<group>";
		};
/* End PBXGroup section */

/* Begin PBXNativeTarget section */
		07CE8CC61E810F1D005237CC /* WalMartDemo */ = {
			isa = PBXNativeTarget;
			buildConfigurationList = 07CE8CDB1E810F1D005237CC /* Build configuration list for PBXNativeTarget "WalMartDemo" */;
			buildPhases = (
				07CE8CC31E810F1D005237CC /* Sources */,
				07CE8CC41E810F1D005237CC /* Frameworks */,
				07CE8CC51E810F1D005237CC /* Resources */,
			);
			buildRules = (
			);
			dependencies = (
			);
			name = WalMartDemo;
			productName = WalMartDemo;
			productReference = 07CE8CC71E810F1D005237CC /* WalMartDemo.app */;
			productType = "com.apple.product-type.application";
		};
/* End PBXNativeTarget section */

/* Begin PBXProject section */
		07CE8CBF1E810F1D005237CC /* Project object */ = {
			isa = PBXProject;
			attributes = {
				LastSwiftUpdateCheck = 0820;
				LastUpgradeCheck = 0820;
				ORGANIZATIONNAME = "Evan Davis";
				TargetAttributes = {
					07CE8CC61E810F1D005237CC = {
						CreatedOnToolsVersion = 8.2.1;
						DevelopmentTeam = 3J5W323SD5;
						ProvisioningStyle = Automatic;
					};
				};
			};
			buildConfigurationList = 07CE8CC21E810F1D005237CC /* Build configuration list for PBXProject "WalMartDemo" */;
			compatibilityVersion = "Xcode 3.2";
			developmentRegion = English;
			hasScannedForEncodings = 0;
			knownRegions = (
				en,
				Base,
			);
			mainGroup = 07CE8CBE1E810F1D005237CC;
			productRefGroup = 07CE8CC81E810F1D005237CC /* Products */;
			projectDirPath = "";
			projectRoot = "";
			targets = (
				07CE8CC61E810F1D005237CC /* WalMartDemo */,
			);
		};
/* End PBXProject section */

/* Begin PBXResourcesBuildPhase section */
		07CE8CC51E810F1D005237CC /* Resources */ = {
			isa = PBXResourcesBuildPhase;
			buildActionMask = 2147483647;
			files = (
				07CE8CD71E810F1D005237CC /* LaunchScreen.storyboard in Resources */,
				07CE8CD41E810F1D005237CC /* Assets.xcassets in Resources */,
				07CE8CD21E810F1D005237CC /* Main.storyboard in Resources */,
			);
			runOnlyForDeploymentPostprocessing = 0;
		};
/* End PBXResourcesBuildPhase section */

/* Begin PBXSourcesBuildPhase section */
		07CE8CC31E810F1D005237CC /* Sources */ = {
			isa = PBXSourcesBuildPhase;
			buildActionMask = 2147483647;
			files = (
				07CE8CCF1E810F1D005237CC /* DetailViewController.swift in Sources */,
				07CE8CCD1E810F1D005237CC /* MasterViewController.swift in Sources */,
				077396BB1E9C8A9E00368907 /* WalMartProduct.swift in Sources */,
				07CE8CCB1E810F1D005237CC /* AppDelegate.swift in Sources */,
				077396BD1E9C8F9100368907 /* WalMartProductList.swift in Sources */,
				077396BF1E9C94F000368907 /* WalMartProductManager.swift in Sources */,
				077396B91E99A15F00368907 /* APIClient.swift in Sources */,
			);
			runOnlyForDeploymentPostprocessing = 0;
		};
/* End PBXSourcesBuildPhase section */

/* Begin PBXVariantGroup section */
		07CE8CD01E810F1D005237CC /* Main.storyboard */ = {
			isa = PBXVariantGroup;
			children = (
				07CE8CD11E810F1D005237CC /* Base */,
			);
			name = Main.storyboard;
			sourceTree = "<group>";
		};
		07CE8CD51E810F1D005237CC /* LaunchScreen.storyboard */ = {
			isa = PBXVariantGroup;
			children = (
				07CE8CD61E810F1D005237CC /* Base */,
			);
			name = LaunchScreen.storyboard;
			sourceTree = "<group>";
		};
/* End PBXVariantGroup section */

/* Begin XCBuildConfiguration section */
		07CE8CD91E810F1D005237CC /* Debug */ = {
			isa = XCBuildConfiguration;
			buildSettings = {
				ALWAYS_SEARCH_USER_PATHS = NO;
				CLANG_ANALYZER_NONNULL = YES;
				CLANG_CXX_LANGUAGE_STANDARD = "gnu++0x";
				CLANG_CXX_LIBRARY = "libc++";
				CLANG_ENABLE_MODULES = YES;
				CLANG_ENABLE_OBJC_ARC = YES;
				CLANG_WARN_BOOL_CONVERSION = YES;
				CLANG_WARN_CONSTANT_CONVERSION = YES;
				CLANG_WARN_DIRECT_OBJC_ISA_USAGE = YES_ERROR;
				CLANG_WARN_DOCUMENTATION_COMMENTS = YES;
				CLANG_WARN_EMPTY_BODY = YES;
				CLANG_WARN_ENUM_CONVERSION = YES;
				CLANG_WARN_INFINITE_RECURSION = YES;
				CLANG_WARN_INT_CONVERSION = YES;
				CLANG_WARN_OBJC_ROOT_CLASS = YES_ERROR;
				CLANG_WARN_SUSPICIOUS_MOVE = YES;
				CLANG_WARN_UNREACHABLE_CODE = YES;
				CLANG_WARN__DUPLICATE_METHOD_MATCH = YES;
				"CODE_SIGN_IDENTITY[sdk=iphoneos*]" = "iPhone Developer";
				COPY_PHASE_STRIP = NO;
				DEBUG_INFORMATION_FORMAT = dwarf;
				ENABLE_STRICT_OBJC_MSGSEND = YES;
				ENABLE_TESTABILITY = YES;
				GCC_C_LANGUAGE_STANDARD = gnu99;
				GCC_DYNAMIC_NO_PIC = NO;
				GCC_NO_COMMON_BLOCKS = YES;
				GCC_OPTIMIZATION_LEVEL = 0;
				GCC_PREPROCESSOR_DEFINITIONS = (
					"DEBUG=1",
					"$(inherited)",
				);
				GCC_WARN_64_TO_32_BIT_CONVERSION = YES;
				GCC_WARN_ABOUT_RETURN_TYPE = YES_ERROR;
				GCC_WARN_UNDECLARED_SELECTOR = YES;
				GCC_WARN_UNINITIALIZED_AUTOS = YES_AGGRESSIVE;
				GCC_WARN_UNUSED_FUNCTION = YES;
				GCC_WARN_UNUSED_VARIABLE = YES;
				IPHONEOS_DEPLOYMENT_TARGET = 10.2;
				MTL_ENABLE_DEBUG_INFO = YES;
				ONLY_ACTIVE_ARCH = YES;
				SDKROOT = iphoneos;
				SWIFT_ACTIVE_COMPILATION_CONDITIONS = DEBUG;
				SWIFT_OPTIMIZATION_LEVEL = "-Onone";
				TARGETED_DEVICE_FAMILY = "1,2";
			};
			name = Debug;
		};
		07CE8CDA1E810F1D005237CC /* Release */ = {
			isa = XCBuildConfiguration;
			buildSettings = {
				ALWAYS_SEARCH_USER_PATHS = NO;
				CLANG_ANALYZER_NONNULL = YES;
				CLANG_CXX_LANGUAGE_STANDARD = "gnu++0x";
				CLANG_CXX_LIBRARY = "libc++";
				CLANG_ENABLE_MODULES = YES;
				CLANG_ENABLE_OBJC_ARC = YES;
				CLANG_WARN_BOOL_CONVERSION = YES;
				CLANG_WARN_CONSTANT_CONVERSION = YES;
				CLANG_WARN_DIRECT_OBJC_ISA_USAGE = YES_ERROR;
				CLANG_WARN_DOCUMENTATION_COMMENTS = YES;
				CLANG_WARN_EMPTY_BODY = YES;
				CLANG_WARN_ENUM_CONVERSION = YES;
				CLANG_WARN_INFINITE_RECURSION = YES;
				CLANG_WARN_INT_CONVERSION = YES;
				CLANG_WARN_OBJC_ROOT_CLASS = YES_ERROR;
				CLANG_WARN_SUSPICIOUS_MOVE = YES;
				CLANG_WARN_UNREACHABLE_CODE = YES;
				CLANG_WARN__DUPLICATE_METHOD_MATCH = YES;
				"CODE_SIGN_IDENTITY[sdk=iphoneos*]" = "iPhone Developer";
				COPY_PHASE_STRIP = NO;
				DEBUG_INFORMATION_FORMAT = "dwarf-with-dsym";
				ENABLE_NS_ASSERTIONS = NO;
				ENABLE_STRICT_OBJC_MSGSEND = YES;
				GCC_C_LANGUAGE_STANDARD = gnu99;
				GCC_NO_COMMON_BLOCKS = YES;
				GCC_WARN_64_TO_32_BIT_CONVERSION = YES;
				GCC_WARN_ABOUT_RETURN_TYPE = YES_ERROR;
				GCC_WARN_UNDECLARED_SELECTOR = YES;
				GCC_WARN_UNINITIALIZED_AUTOS = YES_AGGRESSIVE;
				GCC_WARN_UNUSED_FUNCTION = YES;
				GCC_WARN_UNUSED_VARIABLE = YES;
				IPHONEOS_DEPLOYMENT_TARGET = 10.2;
				MTL_ENABLE_DEBUG_INFO = NO;
				SDKROOT = iphoneos;
				SWIFT_OPTIMIZATION_LEVEL = "-Owholemodule";
				TARGETED_DEVICE_FAMILY = "1,2";
				VALIDATE_PRODUCT = YES;
			};
			name = Release;
		};
		07CE8CDC1E810F1D005237CC /* Debug */ = {
			isa = XCBuildConfiguration;
			buildSettings = {
				ASSETCATALOG_COMPILER_APPICON_NAME = AppIcon;
				DEVELOPMENT_TEAM = 3J5W323SD5;
				INFOPLIST_FILE = WalMartDemo/Info.plist;
				LD_RUNPATH_SEARCH_PATHS = "$(inherited) @executable_path/Frameworks";
				PRODUCT_BUNDLE_IDENTIFIER = com.evandavis.WalMartDemo;
				PRODUCT_NAME = "$(TARGET_NAME)";
				SWIFT_VERSION = 3.0;
			};
			name = Debug;
		};
		07CE8CDD1E810F1D005237CC /* Release */ = {
			isa = XCBuildConfiguration;
			buildSettings = {
				ASSETCATALOG_COMPILER_APPICON_NAME = AppIcon;
				DEVELOPMENT_TEAM = 3J5W323SD5;
				INFOPLIST_FILE = WalMartDemo/Info.plist;
				LD_RUNPATH_SEARCH_PATHS = "$(inherited) @executable_path/Frameworks";
				PRODUCT_BUNDLE_IDENTIFIER = com.evandavis.WalMartDemo;
				PRODUCT_NAME = "$(TARGET_NAME)";
				SWIFT_VERSION = 3.0;
			};
			name = Release;
		};
/* End XCBuildConfiguration section */

/* Begin XCConfigurationList section */
		07CE8CC21E810F1D005237CC /* Build configuration list for PBXProject "WalMartDemo" */ = {
			isa = XCConfigurationList;
			buildConfigurations = (
				07CE8CD91E810F1D005237CC /* Debug */,
				07CE8CDA1E810F1D005237CC /* Release */,
			);
			defaultConfigurationIsVisible = 0;
			defaultConfigurationName = Release;
		};
		07CE8CDB1E810F1D005237CC /* Build configuration list for PBXNativeTarget "WalMartDemo" */ = {
			isa = XCConfigurationList;
			buildConfigurations = (
				07CE8CDC1E810F1D005237CC /* Debug */,
				07CE8CDD1E810F1D005237CC /* Release */,
			);
			defaultConfigurationIsVisible = 0;
			defaultConfigurationName = Release;
		};
/* End XCConfigurationList section */
	};
	rootObject = 07CE8CBF1E810F1D005237CC /* Project object */;
}
